
Microsoft Visual Studio Solution File, Format Version 12.00
# Visual Studio Version 16
VisualStudioVersion = 16.0.29613.14
MinimumVisualStudioVersion = 10.0.40219.1
Project("{8BC9CEB8-8B4A-11D0-8D11-00A0C91BC942}") = "HelloWorld", "HelloWorld\HelloWorld.vcxproj", "{1EC1C5FD-DAF6-405F-AF39-97D96FA72C0E}"
EndProject
Project("{8BC9CEB8-8B4A-11D0-8D11-00A0C91BC942}") = "NumberGuess", "NumberGuess\NumberGuess.vcxproj", "{7271FD58-FB30-4209-B870-2F009EF7D105}"
EndProject
Project("{8BC9CEB8-8B4A-11D0-8D11-00A0C91BC942}") = "DataTypes", "DataTypes\DataTypes.vcxproj", "{6816DC99-7912-4467-B90D-B58365BE1407}"
EndProject
Project("{8BC9CEB8-8B4A-11D0-8D11-00A0C91BC942}") = "Memory", "Memory\Memory.vcxproj", "{9E39F904-CD16-4FC0-A5B1-1BBA76BCCA09}"
EndProject
Project("{8BC9CEB8-8B4A-11D0-8D11-00A0C91BC942}") = "Inheritance", "Inheritance\Inheritance.vcxproj", "{18946760-D2BD-4839-91AB-42EAC03281F2}"
EndProject
Project("{8BC9CEB8-8B4A-11D0-8D11-00A0C91BC942}") = "Features", "Features\Features.vcxproj", "{D56E0EA6-0AE7-410B-9732-8C1C31881F94}"
EndProject
Project("{8BC9CEB8-8B4A-11D0-8D11-00A0C91BC942}") = "Container", "Container\Container.vcxproj", "{A3FE95D4-87C6-49FC-A9E4-87BFCD837494}"
EndProject
Project("{8BC9CEB8-8B4A-11D0-8D11-00A0C91BC942}") = "Review", "Review\Review.vcxproj", "{32A51FE0-F9CE-4F06-B46A-90F3D6ABF61C}"
EndProject
Project("{8BC9CEB8-8B4A-11D0-8D11-00A0C91BC942}") = "DataStructures", "DataStructures\DataStructures.vcxproj", "{43CED8B2-1048-44BD-AAAC-DA7FC9452CFC}"
EndProject
Project("{8BC9CEB8-8B4A-11D0-8D11-00A0C91BC942}") = "Misc", "Misc\Misc.vcxproj", "{7ACEBA0B-12D0-4524-8AEF-EEBA9C15E9FD}"
EndProject
Project("{8BC9CEB8-8B4A-11D0-8D11-00A0C91BC942}") = "CardGame", "CardGame\CardGame.vcxproj", "{73FC2B54-7DF5-4599-940C-3B39824DE7FA}"
EndProject
Project("{8BC9CEB8-8B4A-11D0-8D11-00A0C91BC942}") = "Graphics", "Graphics\Graphics.vcxproj", "{3C450C71-BFA3-4F38-B1A9-098166F341F3}"
EndProject
Project("{8BC9CEB8-8B4A-11D0-8D11-00A0C91BC942}") = "MathLib", "MathLib\MathLib.vcxproj", "{2EC73B1F-B45B-4AB8-A984-8D52EB7B3FBD}"
EndProject
Project("{8BC9CEB8-8B4A-11D0-8D11-00A0C91BC942}") = "Store", "Store\Store.vcxproj", "{481C6B16-78F8-4837-A46C-35B375D7FFC8}"
EndProject
Global
	GlobalSection(SolutionConfigurationPlatforms) = preSolution
		Debug|x64 = Debug|x64
		Debug|x86 = Debug|x86
		Release|x64 = Release|x64
		Release|x86 = Release|x86
	EndGlobalSection
	GlobalSection(ProjectConfigurationPlatforms) = postSolution
		{1EC1C5FD-DAF6-405F-AF39-97D96FA72C0E}.Debug|x64.ActiveCfg = Debug|x64
		{1EC1C5FD-DAF6-405F-AF39-97D96FA72C0E}.Debug|x64.Build.0 = Debug|x64
		{1EC1C5FD-DAF6-405F-AF39-97D96FA72C0E}.Debug|x86.ActiveCfg = Debug|Win32
		{1EC1C5FD-DAF6-405F-AF39-97D96FA72C0E}.Debug|x86.Build.0 = Debug|Win32
		{1EC1C5FD-DAF6-405F-AF39-97D96FA72C0E}.Release|x64.ActiveCfg = Release|x64
		{1EC1C5FD-DAF6-405F-AF39-97D96FA72C0E}.Release|x64.Build.0 = Release|x64
		{1EC1C5FD-DAF6-405F-AF39-97D96FA72C0E}.Release|x86.ActiveCfg = Release|Win32
		{1EC1C5FD-DAF6-405F-AF39-97D96FA72C0E}.Release|x86.Build.0 = Release|Win32
		{7271FD58-FB30-4209-B870-2F009EF7D105}.Debug|x64.ActiveCfg = Debug|x64
		{7271FD58-FB30-4209-B870-2F009EF7D105}.Debug|x64.Build.0 = Debug|x64
		{7271FD58-FB30-4209-B870-2F009EF7D105}.Debug|x86.ActiveCfg = Debug|Win32
		{7271FD58-FB30-4209-B870-2F009EF7D105}.Debug|x86.Build.0 = Debug|Win32
		{7271FD58-FB30-4209-B870-2F009EF7D105}.Release|x64.ActiveCfg = Release|x64
		{7271FD58-FB30-4209-B870-2F009EF7D105}.Release|x64.Build.0 = Release|x64
		{7271FD58-FB30-4209-B870-2F009EF7D105}.Release|x86.ActiveCfg = Release|Win32
		{7271FD58-FB30-4209-B870-2F009EF7D105}.Release|x86.Build.0 = Release|Win32
		{6816DC99-7912-4467-B90D-B58365BE1407}.Debug|x64.ActiveCfg = Debug|x64
		{6816DC99-7912-4467-B90D-B58365BE1407}.Debug|x64.Build.0 = Debug|x64
		{6816DC99-7912-4467-B90D-B58365BE1407}.Debug|x86.ActiveCfg = Debug|Win32
		{6816DC99-7912-4467-B90D-B58365BE1407}.Debug|x86.Build.0 = Debug|Win32
		{6816DC99-7912-4467-B90D-B58365BE1407}.Release|x64.ActiveCfg = Release|x64
		{6816DC99-7912-4467-B90D-B58365BE1407}.Release|x64.Build.0 = Release|x64
		{6816DC99-7912-4467-B90D-B58365BE1407}.Release|x86.ActiveCfg = Release|Win32
		{6816DC99-7912-4467-B90D-B58365BE1407}.Release|x86.Build.0 = Release|Win32
		{9E39F904-CD16-4FC0-A5B1-1BBA76BCCA09}.Debug|x64.ActiveCfg = Debug|x64
		{9E39F904-CD16-4FC0-A5B1-1BBA76BCCA09}.Debug|x64.Build.0 = Debug|x64
		{9E39F904-CD16-4FC0-A5B1-1BBA76BCCA09}.Debug|x86.ActiveCfg = Debug|Win32
		{9E39F904-CD16-4FC0-A5B1-1BBA76BCCA09}.Debug|x86.Build.0 = Debug|Win32
		{9E39F904-CD16-4FC0-A5B1-1BBA76BCCA09}.Release|x64.ActiveCfg = Release|x64
		{9E39F904-CD16-4FC0-A5B1-1BBA76BCCA09}.Release|x64.Build.0 = Release|x64
		{9E39F904-CD16-4FC0-A5B1-1BBA76BCCA09}.Release|x86.ActiveCfg = Release|Win32
		{9E39F904-CD16-4FC0-A5B1-1BBA76BCCA09}.Release|x86.Build.0 = Release|Win32
		{18946760-D2BD-4839-91AB-42EAC03281F2}.Debug|x64.ActiveCfg = Debug|x64
		{18946760-D2BD-4839-91AB-42EAC03281F2}.Debug|x64.Build.0 = Debug|x64
		{18946760-D2BD-4839-91AB-42EAC03281F2}.Debug|x86.ActiveCfg = Debug|Win32
		{18946760-D2BD-4839-91AB-42EAC03281F2}.Debug|x86.Build.0 = Debug|Win32
		{18946760-D2BD-4839-91AB-42EAC03281F2}.Release|x64.ActiveCfg = Release|x64
		{18946760-D2BD-4839-91AB-42EAC03281F2}.Release|x64.Build.0 = Release|x64
		{18946760-D2BD-4839-91AB-42EAC03281F2}.Release|x86.ActiveCfg = Release|Win32
		{18946760-D2BD-4839-91AB-42EAC03281F2}.Release|x86.Build.0 = Release|Win32
		{D56E0EA6-0AE7-410B-9732-8C1C31881F94}.Debug|x64.ActiveCfg = Debug|x64
		{D56E0EA6-0AE7-410B-9732-8C1C31881F94}.Debug|x64.Build.0 = Debug|x64
		{D56E0EA6-0AE7-410B-9732-8C1C31881F94}.Debug|x86.ActiveCfg = Debug|Win32
		{D56E0EA6-0AE7-410B-9732-8C1C31881F94}.Debug|x86.Build.0 = Debug|Win32
		{D56E0EA6-0AE7-410B-9732-8C1C31881F94}.Release|x64.ActiveCfg = Release|x64
		{D56E0EA6-0AE7-410B-9732-8C1C31881F94}.Release|x64.Build.0 = Release|x64
		{D56E0EA6-0AE7-410B-9732-8C1C31881F94}.Release|x86.ActiveCfg = Release|Win32
		{D56E0EA6-0AE7-410B-9732-8C1C31881F94}.Release|x86.Build.0 = Release|Win32
		{A3FE95D4-87C6-49FC-A9E4-87BFCD837494}.Debug|x64.ActiveCfg = Debug|x64
		{A3FE95D4-87C6-49FC-A9E4-87BFCD837494}.Debug|x64.Build.0 = Debug|x64
		{A3FE95D4-87C6-49FC-A9E4-87BFCD837494}.Debug|x86.ActiveCfg = Debug|Win32
		{A3FE95D4-87C6-49FC-A9E4-87BFCD837494}.Debug|x86.Build.0 = Debug|Win32
		{A3FE95D4-87C6-49FC-A9E4-87BFCD837494}.Release|x64.ActiveCfg = Release|x64
		{A3FE95D4-87C6-49FC-A9E4-87BFCD837494}.Release|x64.Build.0 = Release|x64
		{A3FE95D4-87C6-49FC-A9E4-87BFCD837494}.Release|x86.ActiveCfg = Release|Win32
		{A3FE95D4-87C6-49FC-A9E4-87BFCD837494}.Release|x86.Build.0 = Release|Win32
		{32A51FE0-F9CE-4F06-B46A-90F3D6ABF61C}.Debug|x64.ActiveCfg = Debug|x64
		{32A51FE0-F9CE-4F06-B46A-90F3D6ABF61C}.Debug|x64.Build.0 = Debug|x64
		{32A51FE0-F9CE-4F06-B46A-90F3D6ABF61C}.Debug|x86.ActiveCfg = Debug|Win32
		{32A51FE0-F9CE-4F06-B46A-90F3D6ABF61C}.Debug|x86.Build.0 = Debug|Win32
		{32A51FE0-F9CE-4F06-B46A-90F3D6ABF61C}.Release|x64.ActiveCfg = Release|x64
		{32A51FE0-F9CE-4F06-B46A-90F3D6ABF61C}.Release|x64.Build.0 = Release|x64
		{32A51FE0-F9CE-4F06-B46A-90F3D6ABF61C}.Release|x86.ActiveCfg = Release|Win32
		{32A51FE0-F9CE-4F06-B46A-90F3D6ABF61C}.Release|x86.Build.0 = Release|Win32
		{43CED8B2-1048-44BD-AAAC-DA7FC9452CFC}.Debug|x64.ActiveCfg = Debug|x64
		{43CED8B2-1048-44BD-AAAC-DA7FC9452CFC}.Debug|x64.Build.0 = Debug|x64
		{43CED8B2-1048-44BD-AAAC-DA7FC9452CFC}.Debug|x86.ActiveCfg = Debug|Win32
		{43CED8B2-1048-44BD-AAAC-DA7FC9452CFC}.Debug|x86.Build.0 = Debug|Win32
		{43CED8B2-1048-44BD-AAAC-DA7FC9452CFC}.Release|x64.ActiveCfg = Release|x64
		{43CED8B2-1048-44BD-AAAC-DA7FC9452CFC}.Release|x64.Build.0 = Release|x64
		{43CED8B2-1048-44BD-AAAC-DA7FC9452CFC}.Release|x86.ActiveCfg = Release|Win32
		{43CED8B2-1048-44BD-AAAC-DA7FC9452CFC}.Release|x86.Build.0 = Release|Win32
		{7ACEBA0B-12D0-4524-8AEF-EEBA9C15E9FD}.Debug|x64.ActiveCfg = Debug|x64
		{7ACEBA0B-12D0-4524-8AEF-EEBA9C15E9FD}.Debug|x64.Build.0 = Debug|x64
		{7ACEBA0B-12D0-4524-8AEF-EEBA9C15E9FD}.Debug|x86.ActiveCfg = Debug|Win32
		{7ACEBA0B-12D0-4524-8AEF-EEBA9C15E9FD}.Debug|x86.Build.0 = Debug|Win32
		{7ACEBA0B-12D0-4524-8AEF-EEBA9C15E9FD}.Release|x64.ActiveCfg = Release|x64
		{7ACEBA0B-12D0-4524-8AEF-EEBA9C15E9FD}.Release|x64.Build.0 = Release|x64
		{7ACEBA0B-12D0-4524-8AEF-EEBA9C15E9FD}.Release|x86.ActiveCfg = Release|Win32
		{7ACEBA0B-12D0-4524-8AEF-EEBA9C15E9FD}.Release|x86.Build.0 = Release|Win32
		{73FC2B54-7DF5-4599-940C-3B39824DE7FA}.Debug|x64.ActiveCfg = Debug|x64
		{73FC2B54-7DF5-4599-940C-3B39824DE7FA}.Debug|x64.Build.0 = Debug|x64
		{73FC2B54-7DF5-4599-940C-3B39824DE7FA}.Debug|x86.ActiveCfg = Debug|Win32
		{73FC2B54-7DF5-4599-940C-3B39824DE7FA}.Debug|x86.Build.0 = Debug|Win32
		{73FC2B54-7DF5-4599-940C-3B39824DE7FA}.Release|x64.ActiveCfg = Release|x64
		{73FC2B54-7DF5-4599-940C-3B39824DE7FA}.Release|x64.Build.0 = Release|x64
		{73FC2B54-7DF5-4599-940C-3B39824DE7FA}.Release|x86.ActiveCfg = Release|Win32
		{73FC2B54-7DF5-4599-940C-3B39824DE7FA}.Release|x86.Build.0 = Release|Win32
		{3C450C71-BFA3-4F38-B1A9-098166F341F3}.Debug|x64.ActiveCfg = Debug|x64
		{3C450C71-BFA3-4F38-B1A9-098166F341F3}.Debug|x64.Build.0 = Debug|x64
		{3C450C71-BFA3-4F38-B1A9-098166F341F3}.Debug|x86.ActiveCfg = Debug|Win32
		{3C450C71-BFA3-4F38-B1A9-098166F341F3}.Debug|x86.Build.0 = Debug|Win32
		{3C450C71-BFA3-4F38-B1A9-098166F341F3}.Release|x64.ActiveCfg = Release|x64
		{3C450C71-BFA3-4F38-B1A9-098166F341F3}.Release|x64.Build.0 = Release|x64
		{3C450C71-BFA3-4F38-B1A9-098166F341F3}.Release|x86.ActiveCfg = Release|Win32
		{3C450C71-BFA3-4F38-B1A9-098166F341F3}.Release|x86.Build.0 = Release|Win32
		{2EC73B1F-B45B-4AB8-A984-8D52EB7B3FBD}.Debug|x64.ActiveCfg = Debug|x64
		{2EC73B1F-B45B-4AB8-A984-8D52EB7B3FBD}.Debug|x64.Build.0 = Debug|x64
		{2EC73B1F-B45B-4AB8-A984-8D52EB7B3FBD}.Debug|x86.ActiveCfg = Debug|Win32
		{2EC73B1F-B45B-4AB8-A984-8D52EB7B3FBD}.Debug|x86.Build.0 = Debug|Win32
		{2EC73B1F-B45B-4AB8-A984-8D52EB7B3FBD}.Release|x64.ActiveCfg = Release|x64
		{2EC73B1F-B45B-4AB8-A984-8D52EB7B3FBD}.Release|x64.Build.0 = Release|x64
		{2EC73B1F-B45B-4AB8-A984-8D52EB7B3FBD}.Release|x86.ActiveCfg = Release|Win32
		{2EC73B1F-B45B-4AB8-A984-8D52EB7B3FBD}.Release|x86.Build.0 = Release|Win32
		{481C6B16-78F8-4837-A46C-35B375D7FFC8}.Debug|x64.ActiveCfg = Debug|x64
		{481C6B16-78F8-4837-A46C-35B375D7FFC8}.Debug|x64.Build.0 = Debug|x64
		{481C6B16-78F8-4837-A46C-35B375D7FFC8}.Debug|x86.ActiveCfg = Debug|Win32
		{481C6B16-78F8-4837-A46C-35B375D7FFC8}.Debug|x86.Build.0 = Debug|Win32
		{481C6B16-78F8-4837-A46C-35B375D7FFC8}.Release|x64.ActiveCfg = Release|x64
		{481C6B16-78F8-4837-A46C-35B375D7FFC8}.Release|x64.Build.0 = Release|x64
		{481C6B16-78F8-4837-A46C-35B375D7FFC8}.Release|x86.ActiveCfg = Release|Win32
		{481C6B16-78F8-4837-A46C-35B375D7FFC8}.Release|x86.Build.0 = Release|Win32
	EndGlobalSection
	GlobalSection(SolutionProperties) = preSolution
		HideSolutionNode = FALSE
	EndGlobalSection
	GlobalSection(ExtensibilityGlobals) = postSolution
		SolutionGuid = {0C545C78-9719-4066-9F06-0592371A32BD}
	EndGlobalSection
EndGlobal
